<?xml version="1.0" encoding="utf-8"?>
<Project ToolsVersion="4.0" xmlns="http://schemas.microsoft.com/developer/msbuild/2003">
  <ItemGroup>
    <Filter Include="Source Files">
      <UniqueIdentifier>{4FC737F1-C7A5-4376-A066-2A32D752A2FF}</UniqueIdentifier>
      <Extensions>cpp;c;cc;cxx;def;odl;idl;hpj;bat;asm;asmx</Extensions>
    </Filter>
    <Filter Include="Header Files">
      <UniqueIdentifier>{93995380-89BD-4b04-88EB-625FBE52EBFB}</UniqueIdentifier>
      <Extensions>h;hpp;hxx;hm;inl;inc;xsd</Extensions>
    </Filter>
    <Filter Include="Resource Files">
      <UniqueIdentifier>{67DA6AB6-F800-4c08-8B7A-83BB121AAD01}</UniqueIdentifier>
      <Extensions>rc;ico;cur;bmp;dlg;rc2;rct;bin;rgs;gif;jpg;jpeg;jpe;resx;tiff;tif;png;wav;mfcribbon-ms</Extensions>
    </Filter>
    <Filter Include="DesignPatterns">
      <UniqueIdentifier>{34871b3b-a270-4aff-8705-67e9a08cd9cd}</UniqueIdentifier>
    </Filter>
    <Filter Include="DesignPatterns\Creational">
      <UniqueIdentifier>{b2663e3e-3087-43ab-aff7-4e32df4e0aeb}</UniqueIdentifier>
    </Filter>
    <Filter Include="DesignPatterns\Structural">
      <UniqueIdentifier>{6b85793c-44b2-4fcf-a3a5-0f71e95bd496}</UniqueIdentifier>
    </Filter>
    <Filter Include="DesignPatterns\Behavioral">
      <UniqueIdentifier>{47346b66-1e3b-45c1-acac-e102783f7928}</UniqueIdentifier>
    </Filter>
  </ItemGroup>
  <ItemGroup>
    <ClCompile Include="Common.cpp">
      <Filter>Source Files</Filter>
    </ClCompile>
    <ClCompile Include="WinRunMain.cpp">
      <Filter>Source Files</Filter>
    </ClCompile>
    <ClCompile Include="..\..\..\source\cplusplus\AbstractFactory.cpp">
      <Filter>DesignPatterns\Creational</Filter>
    </ClCompile>
    <ClCompile Include="..\..\..\source\cplusplus\SingletonLazy.cpp">
      <Filter>DesignPatterns\Creational</Filter>
    </ClCompile>
    <ClCompile Include="..\..\..\source\cplusplus\FactoryMethod.cpp">
      <Filter>DesignPatterns\Creational</Filter>
    </ClCompile>
    <ClCompile Include="..\..\..\source\cplusplus\SimpleFactory.cpp">
      <Filter>DesignPatterns\Creational</Filter>
    </ClCompile>
    <ClCompile Include="..\..\..\source\cplusplus\Singleton.cpp">
      <Filter>DesignPatterns\Creational</Filter>
    </ClCompile>
    <ClCompile Include="..\..\..\source\cplusplus\SingletonFactory.cpp">
      <Filter>DesignPatterns\Creational</Filter>
    </ClCompile>
    <ClCompile Include="..\..\..\source\cplusplus\Builder.cpp">
      <Filter>DesignPatterns\Creational</Filter>
    </ClCompile>
    <ClCompile Include="..\..\..\source\cplusplus\Prototype.cpp">
      <Filter>DesignPatterns\Creational</Filter>
    </ClCompile>
    <ClCompile Include="..\..\..\source\cplusplus\PrototypeImprove.cpp">
      <Filter>DesignPatterns\Creational</Filter>
    </ClCompile>
    <ClCompile Include="..\..\..\source\cplusplus\AdapterClass.cpp">
      <Filter>DesignPatterns\Structural</Filter>
    </ClCompile>
    <ClCompile Include="..\..\..\source\cplusplus\AdapterObjects.cpp">
      <Filter>DesignPatterns\Structural</Filter>
    </ClCompile>
    <ClCompile Include="..\..\..\source\cplusplus\Bridge.cpp">
      <Filter>DesignPatterns\Structural</Filter>
    </ClCompile>
    <ClCompile Include="..\..\..\source\cplusplus\Composite.cpp">
      <Filter>DesignPatterns\Structural</Filter>
    </ClCompile>
    <ClCompile Include="..\..\..\source\cplusplus\Facade.cpp">
      <Filter>DesignPatterns\Structural</Filter>
    </ClCompile>
    <ClCompile Include="..\..\..\source\cplusplus\Decorator.cpp">
      <Filter>DesignPatterns\Structural</Filter>
    </ClCompile>
    <ClCompile Include="..\..\..\source\cplusplus\Flyweight.cpp">
      <Filter>DesignPatterns\Structural</Filter>
    </ClCompile>
    <ClCompile Include="..\..\..\source\cplusplus\Proxy.cpp">
      <Filter>DesignPatterns\Structural</Filter>
    </ClCompile>
  </ItemGroup>
  <ItemGroup>
    <ClInclude Include="Common.h">
      <Filter>Header Files</Filter>
    </ClInclude>
    <ClInclude Include="..\..\..\source\cplusplus\CommonBridge.h">
      <Filter>Header Files</Filter>
    </ClInclude>
  </ItemGroup>
</Project>